
Microsoft Visual Studio Solution File, Format Version 12.00
# Visual Studio Version 17
VisualStudioVersion = 17.0.31903.59
MinimumVisualStudioVersion = 10.0.40219.1
Project("{2150E333-8FDC-42A3-9474-1A3956D46DE8}") = "src", "src", "{8A0AB1E3-38EB-488F-88A7-893E3B4967CC}"
EndProject
Project("{9A19103F-16F7-4668-BE54-9A1E7A4F7556}") = "BookSales.Domain", "src\BookSales.Domain\BookSales.Domain.csproj", "{B6C1F896-DC59-4F91-80FA-015291CB0A39}"
EndProject
Project("{9A19103F-16F7-4668-BE54-9A1E7A4F7556}") = "BookSales.Data", "src\BookSales.Data\BookSales.Data.csproj", "{0EDA92EF-5F46-497F-BE99-EBF3DCA2A053}"
EndProject
Project("{9A19103F-16F7-4668-BE54-9A1E7A4F7556}") = "BookSales.Service", "src\BookSales.Service\BookSales.Service.csproj", "{1BC122EF-C53F-43DC-A8B2-C1286773FD51}"
EndProject
Project("{FAE04EC0-301F-11D3-BF4B-00C04F79EFBC}") = "BookSales.Api", "src\BookSales.Api\BookSales.Api.csproj", "{559A1CB9-843C-4487-95D6-7404C3B28D77}"
EndProject
Project("{2150E333-8FDC-42A3-9474-1A3956D46DE8}") = "test", "test", "{1C441B2B-B29B-4609-9364-064D13E501BD}"
EndProject
Project("{FAE04EC0-301F-11D3-BF4B-00C04F79EFBC}") = "BookSales.UnitTest", "test\BookSales.UnitTest\BookSales.UnitTest.csproj", "{3D90700B-E7BD-489C-939F-44AB0CB98CAA}"
EndProject
Global
	GlobalSection(SolutionConfigurationPlatforms) = preSolution
		Debug|Any CPU = Debug|Any CPU
		Release|Any CPU = Release|Any CPU
	EndGlobalSection
	GlobalSection(ProjectConfigurationPlatforms) = postSolution
		{B6C1F896-DC59-4F91-80FA-015291CB0A39}.Debug|Any CPU.ActiveCfg = Debug|Any CPU
		{B6C1F896-DC59-4F91-80FA-015291CB0A39}.Debug|Any CPU.Build.0 = Debug|Any CPU
		{B6C1F896-DC59-4F91-80FA-015291CB0A39}.Release|Any CPU.ActiveCfg = Release|Any CPU
		{B6C1F896-DC59-4F91-80FA-015291CB0A39}.Release|Any CPU.Build.0 = Release|Any CPU
		{0EDA92EF-5F46-497F-BE99-EBF3DCA2A053}.Debug|Any CPU.ActiveCfg = Debug|Any CPU
		{0EDA92EF-5F46-497F-BE99-EBF3DCA2A053}.Debug|Any CPU.Build.0 = Debug|Any CPU
		{0EDA92EF-5F46-497F-BE99-EBF3DCA2A053}.Release|Any CPU.ActiveCfg = Release|Any CPU
		{0EDA92EF-5F46-497F-BE99-EBF3DCA2A053}.Release|Any CPU.Build.0 = Release|Any CPU
		{1BC122EF-C53F-43DC-A8B2-C1286773FD51}.Debug|Any CPU.ActiveCfg = Debug|Any CPU
		{1BC122EF-C53F-43DC-A8B2-C1286773FD51}.Debug|Any CPU.Build.0 = Debug|Any CPU
		{1BC122EF-C53F-43DC-A8B2-C1286773FD51}.Release|Any CPU.ActiveCfg = Release|Any CPU
		{1BC122EF-C53F-43DC-A8B2-C1286773FD51}.Release|Any CPU.Build.0 = Release|Any CPU
		{559A1CB9-843C-4487-95D6-7404C3B28D77}.Debug|Any CPU.ActiveCfg = Debug|Any CPU
		{559A1CB9-843C-4487-95D6-7404C3B28D77}.Debug|Any CPU.Build.0 = Debug|Any CPU
		{559A1CB9-843C-4487-95D6-7404C3B28D77}.Release|Any CPU.ActiveCfg = Release|Any CPU
		{559A1CB9-843C-4487-95D6-7404C3B28D77}.Release|Any CPU.Build.0 = Release|Any CPU
		{3D90700B-E7BD-489C-939F-44AB0CB98CAA}.Debug|Any CPU.ActiveCfg = Debug|Any CPU
		{3D90700B-E7BD-489C-939F-44AB0CB98CAA}.Debug|Any CPU.Build.0 = Debug|Any CPU
		{3D90700B-E7BD-489C-939F-44AB0CB98CAA}.Release|Any CPU.ActiveCfg = Release|Any CPU
		{3D90700B-E7BD-489C-939F-44AB0CB98CAA}.Release|Any CPU.Build.0 = Release|Any CPU
	EndGlobalSection
	GlobalSection(SolutionProperties) = preSolution
		HideSolutionNode = FALSE
	EndGlobalSection
	GlobalSection(NestedProjects) = preSolution
		{B6C1F896-DC59-4F91-80FA-015291CB0A39} = {8A0AB1E3-38EB-488F-88A7-893E3B4967CC}
		{0EDA92EF-5F46-497F-BE99-EBF3DCA2A053} = {8A0AB1E3-38EB-488F-88A7-893E3B4967CC}
		{1BC122EF-C53F-43DC-A8B2-C1286773FD51} = {8A0AB1E3-38EB-488F-88A7-893E3B4967CC}
		{559A1CB9-843C-4487-95D6-7404C3B28D77} = {8A0AB1E3-38EB-488F-88A7-893E3B4967CC}
		{3D90700B-E7BD-489C-939F-44AB0CB98CAA} = {1C441B2B-B29B-4609-9364-064D13E501BD}
	EndGlobalSection
EndGlobal
